
Microsoft Visual Studio Solution File, Format Version 12.00
# Visual Studio Version 17
VisualStudioVersion = 17.2.32630.192
MinimumVisualStudioVersion = 10.0.40219.1
Project("{9A19103F-16F7-4668-BE54-9A1E7A4F7556}") = "Calculator", "Calculator\Calculator.csproj", "{9AACAEFD-78C0-41DC-A840-5E3F136AD98E}"
EndProject
Project("{FAE04EC0-301F-11D3-BF4B-00C04F79EFBC}") = "CalculatorTests", "CalculatorTests\CalculatorTests.csproj", "{6F4E5F15-AAA1-40EE-AD7B-9173016AB2D8}"
EndProject
Global
	GlobalSection(SolutionConfigurationPlatforms) = preSolution
		Debug|Any CPU = Debug|Any CPU
		Release|Any CPU = Release|Any CPU
	EndGlobalSection
	GlobalSection(ProjectConfigurationPlatforms) = postSolution
		{9AACAEFD-78C0-41DC-A840-5E3F136AD98E}.Debug|Any CPU.ActiveCfg = Debug|Any CPU
		{9AACAEFD-78C0-41DC-A840-5E3F136AD98E}.Debug|Any CPU.Build.0 = Debug|Any CPU
		{9AACAEFD-78C0-41DC-A840-5E3F136AD98E}.Release|Any CPU.ActiveCfg = Release|Any CPU
		{9AACAEFD-78C0-41DC-A840-5E3F136AD98E}.Release|Any CPU.Build.0 = Release|Any CPU
		{6F4E5F15-AAA1-40EE-AD7B-9173016AB2D8}.Debug|Any CPU.ActiveCfg = Debug|Any CPU
		{6F4E5F15-AAA1-40EE-AD7B-9173016AB2D8}.Debug|Any CPU.Build.0 = Debug|Any CPU
		{6F4E5F15-AAA1-40EE-AD7B-9173016AB2D8}.Release|Any CPU.ActiveCfg = Release|Any CPU
		{6F4E5F15-AAA1-40EE-AD7B-9173016AB2D8}.Release|Any CPU.Build.0 = Release|Any CPU
	EndGlobalSection
	GlobalSection(SolutionProperties) = preSolution
		HideSolutionNode = FALSE
	EndGlobalSection
	GlobalSection(ExtensibilityGlobals) = postSolution
		SolutionGuid = {4243472F-FEA8-4E21-874B-D97C9D3FD75B}
	EndGlobalSection
EndGlobal
